// !$*UTF8*$!
{
	archiveVersion = 1;
	classes = {
	};
	objectVersion = 46;
	objects = {

/* Begin PBXBuildFile section */
		CB45EAE91772758F00FD8498 /* UIKit.framework in Frameworks */ = {isa = PBXBuildFile; fileRef = CB45EAE81772758F00FD8498 /* UIKit.framework */; };
		CB45EAEB1772758F00FD8498 /* Foundation.framework in Frameworks */ = {isa = PBXBuildFile; fileRef = CB45EAEA1772758F00FD8498 /* Foundation.framework */; };
		CB45EAED1772758F00FD8498 /* CoreGraphics.framework in Frameworks */ = {isa = PBXBuildFile; fileRef = CB45EAEC1772758F00FD8498 /* CoreGraphics.framework */; };
		CB45EAF31772758F00FD8498 /* InfoPlist.strings in Resources */ = {isa = PBXBuildFile; fileRef = CB45EAF11772758F00FD8498 /* InfoPlist.strings */; };
		CB45EAF51772758F00FD8498 /* main.m in Sources */ = {isa = PBXBuildFile; fileRef = CB45EAF41772758F00FD8498 /* main.m */; };
		CB45EAF91772758F00FD8498 /* AppDelegate.m in Sources */ = {isa = PBXBuildFile; fileRef = CB45EAF81772758F00FD8498 /* AppDelegate.m */; };
		CB45EAFB1772758F00FD8498 /* Default.png in Resources */ = {isa = PBXBuildFile; fileRef = CB45EAFA1772758F00FD8498 /* Default.png */; };
		CB45EAFD1772758F00FD8498 /* Default@2x.png in Resources */ = {isa = PBXBuildFile; fileRef = CB45EAFC1772758F00FD8498 /* Default@2x.png */; };
		CB45EAFF1772758F00FD8498 /* Default-568h@2x.png in Resources */ = {isa = PBXBuildFile; fileRef = CB45EAFE1772758F00FD8498 /* Default-568h@2x.png */; };
		CB45EB021772758F00FD8498 /* ViewController.m in Sources */ = {isa = PBXBuildFile; fileRef = CB45EB011772758F00FD8498 /* ViewController.m */; };
		CB45EB051772758F00FD8498 /* ViewController.xib in Resources */ = {isa = PBXBuildFile; fileRef = CB45EB031772758F00FD8498 /* ViewController.xib */; };
		CB45EB0C177275DE00FD8498 /* SecondView.xib in Resources */ = {isa = PBXBuildFile; fileRef = CB45EB0B177275DE00FD8498 /* SecondView.xib */; };
		CB45EB0F1772763900FD8498 /* SecondViewController.m in Sources */ = {isa = PBXBuildFile; fileRef = CB45EB0E1772763900FD8498 /* SecondViewController.m */; };
/* End PBXBuildFile section */

/* Begin PBXFileReference section */
		CB45EAE51772758F00FD8498 /* AOC2.app */ = {isa = PBXFileReference; explicitFileType = wrapper.application; includeInIndex = 0; path = AOC2.app; sourceTree = BUILT_PRODUCTS_DIR; };
		CB45EAE81772758F00FD8498 /* UIKit.framework */ = {isa = PBXFileReference; lastKnownFileType = wrapper.framework; name = UIKit.framework; path = System/Library/Frameworks/UIKit.framework; sourceTree = SDKROOT; };
		CB45EAEA1772758F00FD8498 /* Foundation.framework */ = {isa = PBXFileReference; lastKnownFileType = wrapper.framework; name = Foundation.framework; path = System/Library/Frameworks/Foundation.framework; sourceTree = SDKROOT; };
		CB45EAEC1772758F00FD8498 /* CoreGraphics.framework */ = {isa = PBXFileReference; lastKnownFileType = wrapper.framework; name = CoreGraphics.framework; path = System/Library/Frameworks/CoreGraphics.framework; sourceTree = SDKROOT; };
		CB45EAF01772758F00FD8498 /* AOC2-Info.plist */ = {isa = PBXFileReference; lastKnownFileType = text.plist.xml; path = "AOC2-Info.plist"; sourceTree = "<group>"; };
		CB45EAF21772758F00FD8498 /* en */ = {isa = PBXFileReference; lastKnownFileType = text.plist.strings; name = en; path = en.lproj/InfoPlist.strings; sourceTree = "<group>"; };
		CB45EAF41772758F00FD8498 /* main.m */ = {isa = PBXFileReference; lastKnownFileType = sourcecode.c.objc; path = main.m; sourceTree = "<group>"; };
		CB45EAF61772758F00FD8498 /* AOC2-Prefix.pch */ = {isa = PBXFileReference; lastKnownFileType = sourcecode.c.h; path = "AOC2-Prefix.pch"; sourceTree = "<group>"; };
		CB45EAF71772758F00FD8498 /* AppDelegate.h */ = {isa = PBXFileReference; lastKnownFileType = sourcecode.c.h; path = AppDelegate.h; sourceTree = "<group>"; };
		CB45EAF81772758F00FD8498 /* AppDelegate.m */ = {isa = PBXFileReference; lastKnownFileType = sourcecode.c.objc; path = AppDelegate.m; sourceTree = "<group>"; };
		CB45EAFA1772758F00FD8498 /* Default.png */ = {isa = PBXFileReference; lastKnownFileType = image.png; path = Default.png; sourceTree = "<group>"; };
		CB45EAFC1772758F00FD8498 /* Default@2x.png */ = {isa = PBXFileReference; lastKnownFileType = image.png; path = "Default@2x.png"; sourceTree = "<group>"; };
		CB45EAFE1772758F00FD8498 /* Default-568h@2x.png */ = {isa = PBXFileReference; lastKnownFileType = image.png; path = "Default-568h@2x.png"; sourceTree = "<group>"; };
		CB45EB001772758F00FD8498 /* ViewController.h */ = {isa = PBXFileReference; lastKnownFileType = sourcecode.c.h; path = ViewController.h; sourceTree = "<group>"; };
		CB45EB011772758F00FD8498 /* ViewController.m */ = {isa = PBXFileReference; lastKnownFileType = sourcecode.c.objc; path = ViewController.m; sourceTree = "<group>"; };
		CB45EB041772758F00FD8498 /* en */ = {isa = PBXFileReference; lastKnownFileType = file.xib; name = en; path = en.lproj/ViewController.xib; sourceTree = "<group>"; };
		CB45EB0B177275DE00FD8498 /* SecondView.xib */ = {isa = PBXFileReference; fileEncoding = 4; lastKnownFileType = file.xib; path = SecondView.xib; sourceTree = "<group>"; };
		CB45EB0D1772763900FD8498 /* SecondViewController.h */ = {isa = PBXFileReference; fileEncoding = 4; lastKnownFileType = sourcecode.c.h; path = SecondViewController.h; sourceTree = "<group>"; };
		CB45EB0E1772763900FD8498 /* SecondViewController.m */ = {isa = PBXFileReference; fileEncoding = 4; lastKnownFileType = sourcecode.c.objc; path = SecondViewController.m; sourceTree = "<group>"; };
/* End PBXFileReference section */

/* Begin PBXFrameworksBuildPhase section */
		CB45EAE21772758F00FD8498 /* Frameworks */ = {
			isa = PBXFrameworksBuildPhase;
			buildActionMask = 2147483647;
			files = (
				CB45EAE91772758F00FD8498 /* UIKit.framework in Frameworks */,
				CB45EAEB1772758F00FD8498 /* Foundation.framework in Frameworks */,
				CB45EAED1772758F00FD8498 /* CoreGraphics.framework in Frameworks */,
			);
			runOnlyForDeploymentPostprocessing = 0;
		};
/* End PBXFrameworksBuildPhase section */

/* Begin PBXGroup section */
		CB45EADC1772758F00FD8498 = {
			isa = PBXGroup;
			children = (
				CB45EAEE1772758F00FD8498 /* AOC2 */,
				CB45EAE71772758F00FD8498 /* Frameworks */,
				CB45EAE61772758F00FD8498 /* Products */,
			);
			sourceTree = "<group>";
		};
		CB45EAE61772758F00FD8498 /* Products */ = {
			isa = PBXGroup;
			children = (
				CB45EAE51772758F00FD8498 /* AOC2.app */,
			);
			name = Products;
			sourceTree = "<group>";
		};
		CB45EAE71772758F00FD8498 /* Frameworks */ = {
			isa = PBXGroup;
			children = (
				CB45EAE81772758F00FD8498 /* UIKit.framework */,
				CB45EAEA1772758F00FD8498 /* Foundation.framework */,
				CB45EAEC1772758F00FD8498 /* CoreGraphics.framework */,
			);
			name = Frameworks;
			sourceTree = "<group>";
		};
		CB45EAEE1772758F00FD8498 /* AOC2 */ = {
			isa = PBXGroup;
			children = (
				CB45EAF71772758F00FD8498 /* AppDelegate.h */,
				CB45EAF81772758F00FD8498 /* AppDelegate.m */,
				CB45EB001772758F00FD8498 /* ViewController.h */,
				CB45EB011772758F00FD8498 /* ViewController.m */,
				CB45EB031772758F00FD8498 /* ViewController.xib */,
				CB45EAEF1772758F00FD8498 /* Supporting Files */,
				CB45EB0B177275DE00FD8498 /* SecondView.xib */,
				CB45EB0D1772763900FD8498 /* SecondViewController.h */,
				CB45EB0E1772763900FD8498 /* SecondViewController.m */,
			);
			path = AOC2;
			sourceTree = "<group>";
		};
		CB45EAEF1772758F00FD8498 /* Supporting Files */ = {
			isa = PBXGroup;
			children = (
				CB45EAF01772758F00FD8498 /* AOC2-Info.plist */,
				CB45EAF11772758F00FD8498 /* InfoPlist.strings */,
				CB45EAF41772758F00FD8498 /* main.m */,
				CB45EAF61772758F00FD8498 /* AOC2-Prefix.pch */,
				CB45EAFA1772758F00FD8498 /* Default.png */,
				CB45EAFC1772758F00FD8498 /* Default@2x.png */,
				CB45EAFE1772758F00FD8498 /* Default-568h@2x.png */,
			);
			name = "Supporting Files";
			sourceTree = "<group>";
		};
/* End PBXGroup section */

/* Begin PBXNativeTarget section */
		CB45EAE41772758F00FD8498 /* AOC2 */ = {
			isa = PBXNativeTarget;
			buildConfigurationList = CB45EB081772758F00FD8498 /* Build configuration list for PBXNativeTarget "AOC2" */;
			buildPhases = (
				CB45EAE11772758F00FD8498 /* Sources */,
				CB45EAE21772758F00FD8498 /* Frameworks */,
				CB45EAE31772758F00FD8498 /* Resources */,
			);
			buildRules = (
			);
			dependencies = (
			);
			name = AOC2;
			productName = AOC2;
			productReference = CB45EAE51772758F00FD8498 /* AOC2.app */;
			productType = "com.apple.product-type.application";
		};
/* End PBXNativeTarget section */

/* Begin PBXProject section */
		CB45EADD1772758F00FD8498 /* Project object */ = {
			isa = PBXProject;
			attributes = {
				LastUpgradeCheck = 0460;
				ORGANIZATIONNAME = "Justin Tilley";
			};
			buildConfigurationList = CB45EAE01772758F00FD8498 /* Build configuration list for PBXProject "AOC2" */;
			compatibilityVersion = "Xcode 3.2";
			developmentRegion = English;
			hasScannedForEncodings = 0;
			knownRegions = (
				en,
			);
			mainGroup = CB45EADC1772758F00FD8498;
			productRefGroup = CB45EAE61772758F00FD8498 /* Products */;
			projectDirPath = "";
			projectRoot = "";
			targets = (
				CB45EAE41772758F00FD8498 /* AOC2 */,
			);
		};
/* End PBXProject section */

/* Begin PBXResourcesBuildPhase section */
		CB45EAE31772758F00FD8498 /* Resources */ = {
			isa = PBXResourcesBuildPhase;
			buildActionMask = 2147483647;
			files = (
				CB45EAF31772758F00FD8498 /* InfoPlist.strings in Resources */,
				CB45EAFB1772758F00FD8498 /* Default.png in Resources */,
				CB45EAFD1772758F00FD8498 /* Default@2x.png in Resources */,
				CB45EAFF1772758F00FD8498 /* Default-568h@2x.png in Resources */,
				CB45EB051772758F00FD8498 /* ViewController.xib in Resources */,
				CB45EB0C177275DE00FD8498 /* SecondView.xib in Resources */,
			);
			runOnlyForDeploymentPostprocessing = 0;
		};
/* End PBXResourcesBuildPhase section */

/* Begin PBXSourcesBuildPhase section */
		CB45EAE11772758F00FD8498 /* Sources */ = {
			isa = PBXSourcesBuildPhase;
			buildActionMask = 2147483647;
			files = (
				CB45EAF51772758F00FD8498 /* main.m in Sources */,
				CB45EAF91772758F00FD8498 /* AppDelegate.m in Sources */,
				CB45EB021772758F00FD8498 /* ViewController.m in Sources */,
				CB45EB0F1772763900FD8498 /* SecondViewController.m in Sources */,
			);
			runOnlyForDeploymentPostprocessing = 0;
		};
/* End PBXSourcesBuildPhase section */

/* Begin PBXVariantGroup section */
		CB45EAF11772758F00FD8498 /* InfoPlist.strings */ = {
			isa = PBXVariantGroup;
			children = (
				CB45EAF21772758F00FD8498 /* en */,
			);
			name = InfoPlist.strings;
			sourceTree = "<group>";
		};
		CB45EB031772758F00FD8498 /* ViewController.xib */ = {
			isa = PBXVariantGroup;
			children = (
				CB45EB041772758F00FD8498 /* en */,
			);
			name = ViewController.xib;
			sourceTree = "<group>";
		};
/* End PBXVariantGroup section */

/* Begin XCBuildConfiguration section */
		CB45EB061772758F00FD8498 /* Debug */ = {
			isa = XCBuildConfiguration;
			buildSettings = {
				ALWAYS_SEARCH_USER_PATHS = NO;
				CLANG_CXX_LANGUAGE_STANDARD = "gnu++0x";
				CLANG_CXX_LIBRARY = "libc++";
				CLANG_WARN_CONSTANT_CONVERSION = YES;
				CLANG_WARN_EMPTY_BODY = YES;
				CLANG_WARN_ENUM_CONVERSION = YES;
				CLANG_WARN_INT_CONVERSION = YES;
				CLANG_WARN__DUPLICATE_METHOD_MATCH = YES;
				"CODE_SIGN_IDENTITY[sdk=iphoneos*]" = "iPhone Developer";
				COPY_PHASE_STRIP = NO;
				GCC_C_LANGUAGE_STANDARD = gnu99;
				GCC_DYNAMIC_NO_PIC = NO;
				GCC_OPTIMIZATION_LEVEL = 0;
				GCC_PREPROCESSOR_DEFINITIONS = (
					"DEBUG=1",
					"$(inherited)",
				);
				GCC_SYMBOLS_PRIVATE_EXTERN = NO;
				GCC_WARN_ABOUT_RETURN_TYPE = YES;
				GCC_WARN_UNINITIALIZED_AUTOS = YES;
				GCC_WARN_UNUSED_VARIABLE = YES;
				IPHONEOS_DEPLOYMENT_TARGET = 6.1;
				ONLY_ACTIVE_ARCH = YES;
				SDKROOT = iphoneos;
			};
			name = Debug;
		};
		CB45EB071772758F00FD8498 /* Release */ = {
			isa = XCBuildConfiguration;
			buildSettings = {
				ALWAYS_SEARCH_USER_PATHS = NO;
				CLANG_CXX_LANGUAGE_STANDARD = "gnu++0x";
				CLANG_CXX_LIBRARY = "libc++";
				CLANG_WARN_CONSTANT_CONVERSION = YES;
				CLANG_WARN_EMPTY_BODY = YES;
				CLANG_WARN_ENUM_CONVERSION = YES;
				CLANG_WARN_INT_CONVERSION = YES;
				CLANG_WARN__DUPLICATE_METHOD_MATCH = YES;
				"CODE_SIGN_IDENTITY[sdk=iphoneos*]" = "iPhone Developer";
				COPY_PHASE_STRIP = YES;
				GCC_C_LANGUAGE_STANDARD = gnu99;
				GCC_WARN_ABOUT_RETURN_TYPE = YES;
				GCC_WARN_UNINITIALIZED_AUTOS = YES;
				GCC_WARN_UNUSED_VARIABLE = YES;
				IPHONEOS_DEPLOYMENT_TARGET = 6.1;
				OTHER_CFLAGS = "-DNS_BLOCK_ASSERTIONS=1";
				SDKROOT = iphoneos;
				VALIDATE_PRODUCT = YES;
			};
			name = Release;
		};
		CB45EB091772758F00FD8498 /* Debug */ = {
			isa = XCBuildConfiguration;
			buildSettings = {
				GCC_PRECOMPILE_PREFIX_HEADER = YES;
				GCC_PREFIX_HEADER = "AOC2/AOC2-Prefix.pch";
				INFOPLIST_FILE = "AOC2/AOC2-Info.plist";
				PRODUCT_NAME = "$(TARGET_NAME)";
				WRAPPER_EXTENSION = app;
			};
			name = Debug;
		};
		CB45EB0A1772758F00FD8498 /* Release */ = {
			isa = XCBuildConfiguration;
			buildSettings = {
				GCC_PRECOMPILE_PREFIX_HEADER = YES;
				GCC_PREFIX_HEADER = "AOC2/AOC2-Prefix.pch";
				INFOPLIST_FILE = "AOC2/AOC2-Info.plist";
				PRODUCT_NAME = "$(TARGET_NAME)";
				WRAPPER_EXTENSION = app;
			};
			name = Release;
		};
/* End XCBuildConfiguration section */

/* Begin XCConfigurationList section */
		CB45EAE01772758F00FD8498 /* Build configuration list for PBXProject "AOC2" */ = {
			isa = XCConfigurationList;
			buildConfigurations = (
				CB45EB061772758F00FD8498 /* Debug */,
				CB45EB071772758F00FD8498 /* Release */,
			);
			defaultConfigurationIsVisible = 0;
			defaultConfigurationName = Release;
		};
		CB45EB081772758F00FD8498 /* Build configuration list for PBXNativeTarget "AOC2" */ = {
			isa = XCConfigurationList;
			buildConfigurations = (
				CB45EB091772758F00FD8498 /* Debug */,
				CB45EB0A1772758F00FD8498 /* Release */,
			);
			defaultConfigurationIsVisible = 0;
			defaultConfigurationName = Release;
		};
/* End XCConfigurationList section */
	};
	rootObject = CB45EADD1772758F00FD8498 /* Project object */;
}
