// !$*UTF8*$!
{
	archiveVersion = 1;
	classes = {
	};
	objectVersion = 46;
	objects = {

/* Begin PBXBuildFile section */
		CB4E834817695847002F75F8 /* UIKit.framework in Frameworks */ = {isa = PBXBuildFile; fileRef = CB4E834717695847002F75F8 /* UIKit.framework */; };
		CB4E834A17695847002F75F8 /* Foundation.framework in Frameworks */ = {isa = PBXBuildFile; fileRef = CB4E834917695847002F75F8 /* Foundation.framework */; };
		CB4E834C17695847002F75F8 /* CoreGraphics.framework in Frameworks */ = {isa = PBXBuildFile; fileRef = CB4E834B17695847002F75F8 /* CoreGraphics.framework */; };
		CB4E835217695847002F75F8 /* InfoPlist.strings in Resources */ = {isa = PBXBuildFile; fileRef = CB4E835017695847002F75F8 /* InfoPlist.strings */; };
		CB4E835417695847002F75F8 /* main.m in Sources */ = {isa = PBXBuildFile; fileRef = CB4E835317695847002F75F8 /* main.m */; };
		CB4E835817695847002F75F8 /* AppDelegate.m in Sources */ = {isa = PBXBuildFile; fileRef = CB4E835717695847002F75F8 /* AppDelegate.m */; };
		CB4E835A17695847002F75F8 /* Default.png in Resources */ = {isa = PBXBuildFile; fileRef = CB4E835917695847002F75F8 /* Default.png */; };
		CB4E835C17695847002F75F8 /* Default@2x.png in Resources */ = {isa = PBXBuildFile; fileRef = CB4E835B17695847002F75F8 /* Default@2x.png */; };
		CB4E835E17695847002F75F8 /* Default-568h@2x.png in Resources */ = {isa = PBXBuildFile; fileRef = CB4E835D17695847002F75F8 /* Default-568h@2x.png */; };
		CB4E836117695847002F75F8 /* ViewController.m in Sources */ = {isa = PBXBuildFile; fileRef = CB4E836017695847002F75F8 /* ViewController.m */; };
		CB4E836417695847002F75F8 /* ViewController.xib in Resources */ = {isa = PBXBuildFile; fileRef = CB4E836217695847002F75F8 /* ViewController.xib */; };
		CB4E836B17695C66002F75F8 /* SecondView.xib in Resources */ = {isa = PBXBuildFile; fileRef = CB4E836A17695C66002F75F8 /* SecondView.xib */; };
		CB4E836E17695CCF002F75F8 /* SecondViewController.m in Sources */ = {isa = PBXBuildFile; fileRef = CB4E836D17695CCF002F75F8 /* SecondViewController.m */; };
		CBB262F4176A4CBD00D3F792 /* CarFactory.m in Sources */ = {isa = PBXBuildFile; fileRef = CBB262F3176A4CBD00D3F792 /* CarFactory.m */; };
		CBB262F7176A4CFF00D3F792 /* BaseCar.m in Sources */ = {isa = PBXBuildFile; fileRef = CBB262F6176A4CFF00D3F792 /* BaseCar.m */; };
		CBB262FD176A4E8700D3F792 /* ChevyCar.m in Sources */ = {isa = PBXBuildFile; fileRef = CBB262FC176A4E8700D3F792 /* ChevyCar.m */; };
		CBB26300176A4EC900D3F792 /* FordCar.m in Sources */ = {isa = PBXBuildFile; fileRef = CBB262FF176A4EC800D3F792 /* FordCar.m */; };
		CBB26303176A4F1800D3F792 /* DodgeCar.m in Sources */ = {isa = PBXBuildFile; fileRef = CBB26302176A4F1800D3F792 /* DodgeCar.m */; };
/* End PBXBuildFile section */

/* Begin PBXFileReference section */
		CB4E834417695847002F75F8 /* AOC2.app */ = {isa = PBXFileReference; explicitFileType = wrapper.application; includeInIndex = 0; path = AOC2.app; sourceTree = BUILT_PRODUCTS_DIR; };
		CB4E834717695847002F75F8 /* UIKit.framework */ = {isa = PBXFileReference; lastKnownFileType = wrapper.framework; name = UIKit.framework; path = System/Library/Frameworks/UIKit.framework; sourceTree = SDKROOT; };
		CB4E834917695847002F75F8 /* Foundation.framework */ = {isa = PBXFileReference; lastKnownFileType = wrapper.framework; name = Foundation.framework; path = System/Library/Frameworks/Foundation.framework; sourceTree = SDKROOT; };
		CB4E834B17695847002F75F8 /* CoreGraphics.framework */ = {isa = PBXFileReference; lastKnownFileType = wrapper.framework; name = CoreGraphics.framework; path = System/Library/Frameworks/CoreGraphics.framework; sourceTree = SDKROOT; };
		CB4E834F17695847002F75F8 /* AOC2-Info.plist */ = {isa = PBXFileReference; lastKnownFileType = text.plist.xml; path = "AOC2-Info.plist"; sourceTree = "<group>"; };
		CB4E835117695847002F75F8 /* en */ = {isa = PBXFileReference; lastKnownFileType = text.plist.strings; name = en; path = en.lproj/InfoPlist.strings; sourceTree = "<group>"; };
		CB4E835317695847002F75F8 /* main.m */ = {isa = PBXFileReference; lastKnownFileType = sourcecode.c.objc; path = main.m; sourceTree = "<group>"; };
		CB4E835517695847002F75F8 /* AOC2-Prefix.pch */ = {isa = PBXFileReference; lastKnownFileType = sourcecode.c.h; path = "AOC2-Prefix.pch"; sourceTree = "<group>"; };
		CB4E835617695847002F75F8 /* AppDelegate.h */ = {isa = PBXFileReference; lastKnownFileType = sourcecode.c.h; path = AppDelegate.h; sourceTree = "<group>"; };
		CB4E835717695847002F75F8 /* AppDelegate.m */ = {isa = PBXFileReference; lastKnownFileType = sourcecode.c.objc; path = AppDelegate.m; sourceTree = "<group>"; };
		CB4E835917695847002F75F8 /* Default.png */ = {isa = PBXFileReference; lastKnownFileType = image.png; path = Default.png; sourceTree = "<group>"; };
		CB4E835B17695847002F75F8 /* Default@2x.png */ = {isa = PBXFileReference; lastKnownFileType = image.png; path = "Default@2x.png"; sourceTree = "<group>"; };
		CB4E835D17695847002F75F8 /* Default-568h@2x.png */ = {isa = PBXFileReference; lastKnownFileType = image.png; path = "Default-568h@2x.png"; sourceTree = "<group>"; };
		CB4E835F17695847002F75F8 /* ViewController.h */ = {isa = PBXFileReference; lastKnownFileType = sourcecode.c.h; path = ViewController.h; sourceTree = "<group>"; };
		CB4E836017695847002F75F8 /* ViewController.m */ = {isa = PBXFileReference; lastKnownFileType = sourcecode.c.objc; path = ViewController.m; sourceTree = "<group>"; };
		CB4E836317695847002F75F8 /* en */ = {isa = PBXFileReference; lastKnownFileType = file.xib; name = en; path = en.lproj/ViewController.xib; sourceTree = "<group>"; };
		CB4E836A17695C66002F75F8 /* SecondView.xib */ = {isa = PBXFileReference; fileEncoding = 4; lastKnownFileType = file.xib; path = SecondView.xib; sourceTree = "<group>"; };
		CB4E836C17695CCF002F75F8 /* SecondViewController.h */ = {isa = PBXFileReference; fileEncoding = 4; lastKnownFileType = sourcecode.c.h; path = SecondViewController.h; sourceTree = "<group>"; };
		CB4E836D17695CCF002F75F8 /* SecondViewController.m */ = {isa = PBXFileReference; fileEncoding = 4; lastKnownFileType = sourcecode.c.objc; path = SecondViewController.m; sourceTree = "<group>"; };
		CBB262F2176A4CBD00D3F792 /* CarFactory.h */ = {isa = PBXFileReference; fileEncoding = 4; lastKnownFileType = sourcecode.c.h; path = CarFactory.h; sourceTree = "<group>"; };
		CBB262F3176A4CBD00D3F792 /* CarFactory.m */ = {isa = PBXFileReference; fileEncoding = 4; lastKnownFileType = sourcecode.c.objc; path = CarFactory.m; sourceTree = "<group>"; };
		CBB262F5176A4CFF00D3F792 /* BaseCar.h */ = {isa = PBXFileReference; fileEncoding = 4; lastKnownFileType = sourcecode.c.h; path = BaseCar.h; sourceTree = "<group>"; };
		CBB262F6176A4CFF00D3F792 /* BaseCar.m */ = {isa = PBXFileReference; fileEncoding = 4; lastKnownFileType = sourcecode.c.objc; path = BaseCar.m; sourceTree = "<group>"; };
		CBB262FB176A4E8700D3F792 /* ChevyCar.h */ = {isa = PBXFileReference; fileEncoding = 4; lastKnownFileType = sourcecode.c.h; path = ChevyCar.h; sourceTree = "<group>"; };
		CBB262FC176A4E8700D3F792 /* ChevyCar.m */ = {isa = PBXFileReference; fileEncoding = 4; lastKnownFileType = sourcecode.c.objc; path = ChevyCar.m; sourceTree = "<group>"; };
		CBB262FE176A4EC800D3F792 /* FordCar.h */ = {isa = PBXFileReference; fileEncoding = 4; lastKnownFileType = sourcecode.c.h; path = FordCar.h; sourceTree = "<group>"; };
		CBB262FF176A4EC800D3F792 /* FordCar.m */ = {isa = PBXFileReference; fileEncoding = 4; lastKnownFileType = sourcecode.c.objc; path = FordCar.m; sourceTree = "<group>"; };
		CBB26301176A4F1800D3F792 /* DodgeCar.h */ = {isa = PBXFileReference; fileEncoding = 4; lastKnownFileType = sourcecode.c.h; path = DodgeCar.h; sourceTree = "<group>"; };
		CBB26302176A4F1800D3F792 /* DodgeCar.m */ = {isa = PBXFileReference; fileEncoding = 4; lastKnownFileType = sourcecode.c.objc; path = DodgeCar.m; sourceTree = "<group>"; };
/* End PBXFileReference section */

/* Begin PBXFrameworksBuildPhase section */
		CB4E834117695847002F75F8 /* Frameworks */ = {
			isa = PBXFrameworksBuildPhase;
			buildActionMask = 2147483647;
			files = (
				CB4E834817695847002F75F8 /* UIKit.framework in Frameworks */,
				CB4E834A17695847002F75F8 /* Foundation.framework in Frameworks */,
				CB4E834C17695847002F75F8 /* CoreGraphics.framework in Frameworks */,
			);
			runOnlyForDeploymentPostprocessing = 0;
		};
/* End PBXFrameworksBuildPhase section */

/* Begin PBXGroup section */
		CB4E833B17695847002F75F8 = {
			isa = PBXGroup;
			children = (
				CB4E834D17695847002F75F8 /* AOC2 */,
				CB4E834617695847002F75F8 /* Frameworks */,
				CB4E834517695847002F75F8 /* Products */,
			);
			sourceTree = "<group>";
		};
		CB4E834517695847002F75F8 /* Products */ = {
			isa = PBXGroup;
			children = (
				CB4E834417695847002F75F8 /* AOC2.app */,
			);
			name = Products;
			sourceTree = "<group>";
		};
		CB4E834617695847002F75F8 /* Frameworks */ = {
			isa = PBXGroup;
			children = (
				CB4E834717695847002F75F8 /* UIKit.framework */,
				CB4E834917695847002F75F8 /* Foundation.framework */,
				CB4E834B17695847002F75F8 /* CoreGraphics.framework */,
			);
			name = Frameworks;
			sourceTree = "<group>";
		};
		CB4E834D17695847002F75F8 /* AOC2 */ = {
			isa = PBXGroup;
			children = (
				CB4E835617695847002F75F8 /* AppDelegate.h */,
				CB4E835717695847002F75F8 /* AppDelegate.m */,
				CB4E835F17695847002F75F8 /* ViewController.h */,
				CB4E836017695847002F75F8 /* ViewController.m */,
				CB4E836217695847002F75F8 /* ViewController.xib */,
				CB4E834E17695847002F75F8 /* Supporting Files */,
				CB4E836A17695C66002F75F8 /* SecondView.xib */,
				CB4E836C17695CCF002F75F8 /* SecondViewController.h */,
				CB4E836D17695CCF002F75F8 /* SecondViewController.m */,
				CBB262F2176A4CBD00D3F792 /* CarFactory.h */,
				CBB262F3176A4CBD00D3F792 /* CarFactory.m */,
				CBB262F5176A4CFF00D3F792 /* BaseCar.h */,
				CBB262F6176A4CFF00D3F792 /* BaseCar.m */,
				CBB262FB176A4E8700D3F792 /* ChevyCar.h */,
				CBB262FC176A4E8700D3F792 /* ChevyCar.m */,
				CBB262FE176A4EC800D3F792 /* FordCar.h */,
				CBB262FF176A4EC800D3F792 /* FordCar.m */,
				CBB26301176A4F1800D3F792 /* DodgeCar.h */,
				CBB26302176A4F1800D3F792 /* DodgeCar.m */,
			);
			path = AOC2;
			sourceTree = "<group>";
		};
		CB4E834E17695847002F75F8 /* Supporting Files */ = {
			isa = PBXGroup;
			children = (
				CB4E834F17695847002F75F8 /* AOC2-Info.plist */,
				CB4E835017695847002F75F8 /* InfoPlist.strings */,
				CB4E835317695847002F75F8 /* main.m */,
				CB4E835517695847002F75F8 /* AOC2-Prefix.pch */,
				CB4E835917695847002F75F8 /* Default.png */,
				CB4E835B17695847002F75F8 /* Default@2x.png */,
				CB4E835D17695847002F75F8 /* Default-568h@2x.png */,
			);
			name = "Supporting Files";
			sourceTree = "<group>";
		};
/* End PBXGroup section */

/* Begin PBXNativeTarget section */
		CB4E834317695847002F75F8 /* AOC2 */ = {
			isa = PBXNativeTarget;
			buildConfigurationList = CB4E836717695847002F75F8 /* Build configuration list for PBXNativeTarget "AOC2" */;
			buildPhases = (
				CB4E834017695847002F75F8 /* Sources */,
				CB4E834117695847002F75F8 /* Frameworks */,
				CB4E834217695847002F75F8 /* Resources */,
			);
			buildRules = (
			);
			dependencies = (
			);
			name = AOC2;
			productName = AOC2;
			productReference = CB4E834417695847002F75F8 /* AOC2.app */;
			productType = "com.apple.product-type.application";
		};
/* End PBXNativeTarget section */

/* Begin PBXProject section */
		CB4E833C17695847002F75F8 /* Project object */ = {
			isa = PBXProject;
			attributes = {
				LastUpgradeCheck = 0460;
				ORGANIZATIONNAME = "Justin Tilley";
			};
			buildConfigurationList = CB4E833F17695847002F75F8 /* Build configuration list for PBXProject "AOC2" */;
			compatibilityVersion = "Xcode 3.2";
			developmentRegion = English;
			hasScannedForEncodings = 0;
			knownRegions = (
				en,
			);
			mainGroup = CB4E833B17695847002F75F8;
			productRefGroup = CB4E834517695847002F75F8 /* Products */;
			projectDirPath = "";
			projectRoot = "";
			targets = (
				CB4E834317695847002F75F8 /* AOC2 */,
			);
		};
/* End PBXProject section */

/* Begin PBXResourcesBuildPhase section */
		CB4E834217695847002F75F8 /* Resources */ = {
			isa = PBXResourcesBuildPhase;
			buildActionMask = 2147483647;
			files = (
				CB4E835217695847002F75F8 /* InfoPlist.strings in Resources */,
				CB4E835A17695847002F75F8 /* Default.png in Resources */,
				CB4E835C17695847002F75F8 /* Default@2x.png in Resources */,
				CB4E835E17695847002F75F8 /* Default-568h@2x.png in Resources */,
				CB4E836417695847002F75F8 /* ViewController.xib in Resources */,
				CB4E836B17695C66002F75F8 /* SecondView.xib in Resources */,
			);
			runOnlyForDeploymentPostprocessing = 0;
		};
/* End PBXResourcesBuildPhase section */

/* Begin PBXSourcesBuildPhase section */
		CB4E834017695847002F75F8 /* Sources */ = {
			isa = PBXSourcesBuildPhase;
			buildActionMask = 2147483647;
			files = (
				CB4E835417695847002F75F8 /* main.m in Sources */,
				CB4E835817695847002F75F8 /* AppDelegate.m in Sources */,
				CB4E836117695847002F75F8 /* ViewController.m in Sources */,
				CB4E836E17695CCF002F75F8 /* SecondViewController.m in Sources */,
				CBB262F4176A4CBD00D3F792 /* CarFactory.m in Sources */,
				CBB262F7176A4CFF00D3F792 /* BaseCar.m in Sources */,
				CBB262FD176A4E8700D3F792 /* ChevyCar.m in Sources */,
				CBB26300176A4EC900D3F792 /* FordCar.m in Sources */,
				CBB26303176A4F1800D3F792 /* DodgeCar.m in Sources */,
			);
			runOnlyForDeploymentPostprocessing = 0;
		};
/* End PBXSourcesBuildPhase section */

/* Begin PBXVariantGroup section */
		CB4E835017695847002F75F8 /* InfoPlist.strings */ = {
			isa = PBXVariantGroup;
			children = (
				CB4E835117695847002F75F8 /* en */,
			);
			name = InfoPlist.strings;
			sourceTree = "<group>";
		};
		CB4E836217695847002F75F8 /* ViewController.xib */ = {
			isa = PBXVariantGroup;
			children = (
				CB4E836317695847002F75F8 /* en */,
			);
			name = ViewController.xib;
			sourceTree = "<group>";
		};
/* End PBXVariantGroup section */

/* Begin XCBuildConfiguration section */
		CB4E836517695847002F75F8 /* Debug */ = {
			isa = XCBuildConfiguration;
			buildSettings = {
				ALWAYS_SEARCH_USER_PATHS = NO;
				CLANG_CXX_LANGUAGE_STANDARD = "gnu++0x";
				CLANG_CXX_LIBRARY = "libc++";
				CLANG_WARN_CONSTANT_CONVERSION = YES;
				CLANG_WARN_EMPTY_BODY = YES;
				CLANG_WARN_ENUM_CONVERSION = YES;
				CLANG_WARN_INT_CONVERSION = YES;
				CLANG_WARN__DUPLICATE_METHOD_MATCH = YES;
				"CODE_SIGN_IDENTITY[sdk=iphoneos*]" = "iPhone Developer";
				COPY_PHASE_STRIP = NO;
				GCC_C_LANGUAGE_STANDARD = gnu99;
				GCC_DYNAMIC_NO_PIC = NO;
				GCC_OPTIMIZATION_LEVEL = 0;
				GCC_PREPROCESSOR_DEFINITIONS = (
					"DEBUG=1",
					"$(inherited)",
				);
				GCC_SYMBOLS_PRIVATE_EXTERN = NO;
				GCC_WARN_ABOUT_RETURN_TYPE = YES;
				GCC_WARN_UNINITIALIZED_AUTOS = YES;
				GCC_WARN_UNUSED_VARIABLE = YES;
				IPHONEOS_DEPLOYMENT_TARGET = 6.1;
				ONLY_ACTIVE_ARCH = YES;
				SDKROOT = iphoneos;
			};
			name = Debug;
		};
		CB4E836617695847002F75F8 /* Release */ = {
			isa = XCBuildConfiguration;
			buildSettings = {
				ALWAYS_SEARCH_USER_PATHS = NO;
				CLANG_CXX_LANGUAGE_STANDARD = "gnu++0x";
				CLANG_CXX_LIBRARY = "libc++";
				CLANG_WARN_CONSTANT_CONVERSION = YES;
				CLANG_WARN_EMPTY_BODY = YES;
				CLANG_WARN_ENUM_CONVERSION = YES;
				CLANG_WARN_INT_CONVERSION = YES;
				CLANG_WARN__DUPLICATE_METHOD_MATCH = YES;
				"CODE_SIGN_IDENTITY[sdk=iphoneos*]" = "iPhone Developer";
				COPY_PHASE_STRIP = YES;
				GCC_C_LANGUAGE_STANDARD = gnu99;
				GCC_WARN_ABOUT_RETURN_TYPE = YES;
				GCC_WARN_UNINITIALIZED_AUTOS = YES;
				GCC_WARN_UNUSED_VARIABLE = YES;
				IPHONEOS_DEPLOYMENT_TARGET = 6.1;
				OTHER_CFLAGS = "-DNS_BLOCK_ASSERTIONS=1";
				SDKROOT = iphoneos;
				VALIDATE_PRODUCT = YES;
			};
			name = Release;
		};
		CB4E836817695847002F75F8 /* Debug */ = {
			isa = XCBuildConfiguration;
			buildSettings = {
				GCC_PRECOMPILE_PREFIX_HEADER = YES;
				GCC_PREFIX_HEADER = "AOC2/AOC2-Prefix.pch";
				INFOPLIST_FILE = "AOC2/AOC2-Info.plist";
				PRODUCT_NAME = "$(TARGET_NAME)";
				WRAPPER_EXTENSION = app;
			};
			name = Debug;
		};
		CB4E836917695847002F75F8 /* Release */ = {
			isa = XCBuildConfiguration;
			buildSettings = {
				GCC_PRECOMPILE_PREFIX_HEADER = YES;
				GCC_PREFIX_HEADER = "AOC2/AOC2-Prefix.pch";
				INFOPLIST_FILE = "AOC2/AOC2-Info.plist";
				PRODUCT_NAME = "$(TARGET_NAME)";
				WRAPPER_EXTENSION = app;
			};
			name = Release;
		};
/* End XCBuildConfiguration section */

/* Begin XCConfigurationList section */
		CB4E833F17695847002F75F8 /* Build configuration list for PBXProject "AOC2" */ = {
			isa = XCConfigurationList;
			buildConfigurations = (
				CB4E836517695847002F75F8 /* Debug */,
				CB4E836617695847002F75F8 /* Release */,
			);
			defaultConfigurationIsVisible = 0;
			defaultConfigurationName = Release;
		};
		CB4E836717695847002F75F8 /* Build configuration list for PBXNativeTarget "AOC2" */ = {
			isa = XCConfigurationList;
			buildConfigurations = (
				CB4E836817695847002F75F8 /* Debug */,
				CB4E836917695847002F75F8 /* Release */,
			);
			defaultConfigurationIsVisible = 0;
			defaultConfigurationName = Release;
		};
/* End XCConfigurationList section */
	};
	rootObject = CB4E833C17695847002F75F8 /* Project object */;
}
