// !$*UTF8*$!
{
	archiveVersion = 1;
	classes = {
	};
	objectVersion = 46;
	objects = {

/* Begin PBXBuildFile section */
		CB4E82EA17695340002F75F8 /* UIKit.framework in Frameworks */ = {isa = PBXBuildFile; fileRef = CB4E82E917695340002F75F8 /* UIKit.framework */; };
		CB4E82EC17695340002F75F8 /* Foundation.framework in Frameworks */ = {isa = PBXBuildFile; fileRef = CB4E82EB17695340002F75F8 /* Foundation.framework */; };
		CB4E82EE17695340002F75F8 /* CoreGraphics.framework in Frameworks */ = {isa = PBXBuildFile; fileRef = CB4E82ED17695340002F75F8 /* CoreGraphics.framework */; };
		CB4E82F417695340002F75F8 /* InfoPlist.strings in Resources */ = {isa = PBXBuildFile; fileRef = CB4E82F217695340002F75F8 /* InfoPlist.strings */; };
		CB4E82F617695340002F75F8 /* main.m in Sources */ = {isa = PBXBuildFile; fileRef = CB4E82F517695340002F75F8 /* main.m */; };
		CB4E82FA17695340002F75F8 /* AppDelegate.m in Sources */ = {isa = PBXBuildFile; fileRef = CB4E82F917695340002F75F8 /* AppDelegate.m */; };
		CB4E82FC17695340002F75F8 /* Default.png in Resources */ = {isa = PBXBuildFile; fileRef = CB4E82FB17695340002F75F8 /* Default.png */; };
		CB4E82FE17695340002F75F8 /* Default@2x.png in Resources */ = {isa = PBXBuildFile; fileRef = CB4E82FD17695340002F75F8 /* Default@2x.png */; };
		CB4E830017695340002F75F8 /* Default-568h@2x.png in Resources */ = {isa = PBXBuildFile; fileRef = CB4E82FF17695340002F75F8 /* Default-568h@2x.png */; };
		CB4E830317695341002F75F8 /* ViewController.m in Sources */ = {isa = PBXBuildFile; fileRef = CB4E830217695341002F75F8 /* ViewController.m */; };
		CB4E830617695341002F75F8 /* ViewController.xib in Resources */ = {isa = PBXBuildFile; fileRef = CB4E830417695341002F75F8 /* ViewController.xib */; };
/* End PBXBuildFile section */

/* Begin PBXFileReference section */
		CB4E82E617695340002F75F8 /* AOC2.app */ = {isa = PBXFileReference; explicitFileType = wrapper.application; includeInIndex = 0; path = AOC2.app; sourceTree = BUILT_PRODUCTS_DIR; };
		CB4E82E917695340002F75F8 /* UIKit.framework */ = {isa = PBXFileReference; lastKnownFileType = wrapper.framework; name = UIKit.framework; path = System/Library/Frameworks/UIKit.framework; sourceTree = SDKROOT; };
		CB4E82EB17695340002F75F8 /* Foundation.framework */ = {isa = PBXFileReference; lastKnownFileType = wrapper.framework; name = Foundation.framework; path = System/Library/Frameworks/Foundation.framework; sourceTree = SDKROOT; };
		CB4E82ED17695340002F75F8 /* CoreGraphics.framework */ = {isa = PBXFileReference; lastKnownFileType = wrapper.framework; name = CoreGraphics.framework; path = System/Library/Frameworks/CoreGraphics.framework; sourceTree = SDKROOT; };
		CB4E82F117695340002F75F8 /* AOC2-Info.plist */ = {isa = PBXFileReference; lastKnownFileType = text.plist.xml; path = "AOC2-Info.plist"; sourceTree = "<group>"; };
		CB4E82F317695340002F75F8 /* en */ = {isa = PBXFileReference; lastKnownFileType = text.plist.strings; name = en; path = en.lproj/InfoPlist.strings; sourceTree = "<group>"; };
		CB4E82F517695340002F75F8 /* main.m */ = {isa = PBXFileReference; lastKnownFileType = sourcecode.c.objc; path = main.m; sourceTree = "<group>"; };
		CB4E82F717695340002F75F8 /* AOC2-Prefix.pch */ = {isa = PBXFileReference; lastKnownFileType = sourcecode.c.h; path = "AOC2-Prefix.pch"; sourceTree = "<group>"; };
		CB4E82F817695340002F75F8 /* AppDelegate.h */ = {isa = PBXFileReference; lastKnownFileType = sourcecode.c.h; path = AppDelegate.h; sourceTree = "<group>"; };
		CB4E82F917695340002F75F8 /* AppDelegate.m */ = {isa = PBXFileReference; lastKnownFileType = sourcecode.c.objc; path = AppDelegate.m; sourceTree = "<group>"; };
		CB4E82FB17695340002F75F8 /* Default.png */ = {isa = PBXFileReference; lastKnownFileType = image.png; path = Default.png; sourceTree = "<group>"; };
		CB4E82FD17695340002F75F8 /* Default@2x.png */ = {isa = PBXFileReference; lastKnownFileType = image.png; path = "Default@2x.png"; sourceTree = "<group>"; };
		CB4E82FF17695340002F75F8 /* Default-568h@2x.png */ = {isa = PBXFileReference; lastKnownFileType = image.png; path = "Default-568h@2x.png"; sourceTree = "<group>"; };
		CB4E830117695341002F75F8 /* ViewController.h */ = {isa = PBXFileReference; lastKnownFileType = sourcecode.c.h; path = ViewController.h; sourceTree = "<group>"; };
		CB4E830217695341002F75F8 /* ViewController.m */ = {isa = PBXFileReference; lastKnownFileType = sourcecode.c.objc; path = ViewController.m; sourceTree = "<group>"; };
		CB4E830517695341002F75F8 /* en */ = {isa = PBXFileReference; lastKnownFileType = file.xib; name = en; path = en.lproj/ViewController.xib; sourceTree = "<group>"; };
/* End PBXFileReference section */

/* Begin PBXFrameworksBuildPhase section */
		CB4E82E317695340002F75F8 /* Frameworks */ = {
			isa = PBXFrameworksBuildPhase;
			buildActionMask = 2147483647;
			files = (
				CB4E82EA17695340002F75F8 /* UIKit.framework in Frameworks */,
				CB4E82EC17695340002F75F8 /* Foundation.framework in Frameworks */,
				CB4E82EE17695340002F75F8 /* CoreGraphics.framework in Frameworks */,
			);
			runOnlyForDeploymentPostprocessing = 0;
		};
/* End PBXFrameworksBuildPhase section */

/* Begin PBXGroup section */
		CB4E82DD17695340002F75F8 = {
			isa = PBXGroup;
			children = (
				CB4E82EF17695340002F75F8 /* AOC2 */,
				CB4E82E817695340002F75F8 /* Frameworks */,
				CB4E82E717695340002F75F8 /* Products */,
			);
			sourceTree = "<group>";
		};
		CB4E82E717695340002F75F8 /* Products */ = {
			isa = PBXGroup;
			children = (
				CB4E82E617695340002F75F8 /* AOC2.app */,
			);
			name = Products;
			sourceTree = "<group>";
		};
		CB4E82E817695340002F75F8 /* Frameworks */ = {
			isa = PBXGroup;
			children = (
				CB4E82E917695340002F75F8 /* UIKit.framework */,
				CB4E82EB17695340002F75F8 /* Foundation.framework */,
				CB4E82ED17695340002F75F8 /* CoreGraphics.framework */,
			);
			name = Frameworks;
			sourceTree = "<group>";
		};
		CB4E82EF17695340002F75F8 /* AOC2 */ = {
			isa = PBXGroup;
			children = (
				CB4E82F817695340002F75F8 /* AppDelegate.h */,
				CB4E82F917695340002F75F8 /* AppDelegate.m */,
				CB4E830117695341002F75F8 /* ViewController.h */,
				CB4E830217695341002F75F8 /* ViewController.m */,
				CB4E830417695341002F75F8 /* ViewController.xib */,
				CB4E82F017695340002F75F8 /* Supporting Files */,
			);
			path = AOC2;
			sourceTree = "<group>";
		};
		CB4E82F017695340002F75F8 /* Supporting Files */ = {
			isa = PBXGroup;
			children = (
				CB4E82F117695340002F75F8 /* AOC2-Info.plist */,
				CB4E82F217695340002F75F8 /* InfoPlist.strings */,
				CB4E82F517695340002F75F8 /* main.m */,
				CB4E82F717695340002F75F8 /* AOC2-Prefix.pch */,
				CB4E82FB17695340002F75F8 /* Default.png */,
				CB4E82FD17695340002F75F8 /* Default@2x.png */,
				CB4E82FF17695340002F75F8 /* Default-568h@2x.png */,
			);
			name = "Supporting Files";
			sourceTree = "<group>";
		};
/* End PBXGroup section */

/* Begin PBXNativeTarget section */
		CB4E82E517695340002F75F8 /* AOC2 */ = {
			isa = PBXNativeTarget;
			buildConfigurationList = CB4E830917695341002F75F8 /* Build configuration list for PBXNativeTarget "AOC2" */;
			buildPhases = (
				CB4E82E217695340002F75F8 /* Sources */,
				CB4E82E317695340002F75F8 /* Frameworks */,
				CB4E82E417695340002F75F8 /* Resources */,
			);
			buildRules = (
			);
			dependencies = (
			);
			name = AOC2;
			productName = AOC2;
			productReference = CB4E82E617695340002F75F8 /* AOC2.app */;
			productType = "com.apple.product-type.application";
		};
/* End PBXNativeTarget section */

/* Begin PBXProject section */
		CB4E82DE17695340002F75F8 /* Project object */ = {
			isa = PBXProject;
			attributes = {
				LastUpgradeCheck = 0460;
				ORGANIZATIONNAME = "Justin Tilley";
			};
			buildConfigurationList = CB4E82E117695340002F75F8 /* Build configuration list for PBXProject "AOC2" */;
			compatibilityVersion = "Xcode 3.2";
			developmentRegion = English;
			hasScannedForEncodings = 0;
			knownRegions = (
				en,
			);
			mainGroup = CB4E82DD17695340002F75F8;
			productRefGroup = CB4E82E717695340002F75F8 /* Products */;
			projectDirPath = "";
			projectRoot = "";
			targets = (
				CB4E82E517695340002F75F8 /* AOC2 */,
			);
		};
/* End PBXProject section */

/* Begin PBXResourcesBuildPhase section */
		CB4E82E417695340002F75F8 /* Resources */ = {
			isa = PBXResourcesBuildPhase;
			buildActionMask = 2147483647;
			files = (
				CB4E82F417695340002F75F8 /* InfoPlist.strings in Resources */,
				CB4E82FC17695340002F75F8 /* Default.png in Resources */,
				CB4E82FE17695340002F75F8 /* Default@2x.png in Resources */,
				CB4E830017695340002F75F8 /* Default-568h@2x.png in Resources */,
				CB4E830617695341002F75F8 /* ViewController.xib in Resources */,
			);
			runOnlyForDeploymentPostprocessing = 0;
		};
/* End PBXResourcesBuildPhase section */

/* Begin PBXSourcesBuildPhase section */
		CB4E82E217695340002F75F8 /* Sources */ = {
			isa = PBXSourcesBuildPhase;
			buildActionMask = 2147483647;
			files = (
				CB4E82F617695340002F75F8 /* main.m in Sources */,
				CB4E82FA17695340002F75F8 /* AppDelegate.m in Sources */,
				CB4E830317695341002F75F8 /* ViewController.m in Sources */,
			);
			runOnlyForDeploymentPostprocessing = 0;
		};
/* End PBXSourcesBuildPhase section */

/* Begin PBXVariantGroup section */
		CB4E82F217695340002F75F8 /* InfoPlist.strings */ = {
			isa = PBXVariantGroup;
			children = (
				CB4E82F317695340002F75F8 /* en */,
			);
			name = InfoPlist.strings;
			sourceTree = "<group>";
		};
		CB4E830417695341002F75F8 /* ViewController.xib */ = {
			isa = PBXVariantGroup;
			children = (
				CB4E830517695341002F75F8 /* en */,
			);
			name = ViewController.xib;
			sourceTree = "<group>";
		};
/* End PBXVariantGroup section */

/* Begin XCBuildConfiguration section */
		CB4E830717695341002F75F8 /* Debug */ = {
			isa = XCBuildConfiguration;
			buildSettings = {
				ALWAYS_SEARCH_USER_PATHS = NO;
				CLANG_CXX_LANGUAGE_STANDARD = "gnu++0x";
				CLANG_CXX_LIBRARY = "libc++";
				CLANG_WARN_CONSTANT_CONVERSION = YES;
				CLANG_WARN_EMPTY_BODY = YES;
				CLANG_WARN_ENUM_CONVERSION = YES;
				CLANG_WARN_INT_CONVERSION = YES;
				CLANG_WARN__DUPLICATE_METHOD_MATCH = YES;
				"CODE_SIGN_IDENTITY[sdk=iphoneos*]" = "iPhone Developer";
				COPY_PHASE_STRIP = NO;
				GCC_C_LANGUAGE_STANDARD = gnu99;
				GCC_DYNAMIC_NO_PIC = NO;
				GCC_OPTIMIZATION_LEVEL = 0;
				GCC_PREPROCESSOR_DEFINITIONS = (
					"DEBUG=1",
					"$(inherited)",
				);
				GCC_SYMBOLS_PRIVATE_EXTERN = NO;
				GCC_WARN_ABOUT_RETURN_TYPE = YES;
				GCC_WARN_UNINITIALIZED_AUTOS = YES;
				GCC_WARN_UNUSED_VARIABLE = YES;
				IPHONEOS_DEPLOYMENT_TARGET = 6.1;
				ONLY_ACTIVE_ARCH = YES;
				SDKROOT = iphoneos;
			};
			name = Debug;
		};
		CB4E830817695341002F75F8 /* Release */ = {
			isa = XCBuildConfiguration;
			buildSettings = {
				ALWAYS_SEARCH_USER_PATHS = NO;
				CLANG_CXX_LANGUAGE_STANDARD = "gnu++0x";
				CLANG_CXX_LIBRARY = "libc++";
				CLANG_WARN_CONSTANT_CONVERSION = YES;
				CLANG_WARN_EMPTY_BODY = YES;
				CLANG_WARN_ENUM_CONVERSION = YES;
				CLANG_WARN_INT_CONVERSION = YES;
				CLANG_WARN__DUPLICATE_METHOD_MATCH = YES;
				"CODE_SIGN_IDENTITY[sdk=iphoneos*]" = "iPhone Developer";
				COPY_PHASE_STRIP = YES;
				GCC_C_LANGUAGE_STANDARD = gnu99;
				GCC_WARN_ABOUT_RETURN_TYPE = YES;
				GCC_WARN_UNINITIALIZED_AUTOS = YES;
				GCC_WARN_UNUSED_VARIABLE = YES;
				IPHONEOS_DEPLOYMENT_TARGET = 6.1;
				OTHER_CFLAGS = "-DNS_BLOCK_ASSERTIONS=1";
				SDKROOT = iphoneos;
				VALIDATE_PRODUCT = YES;
			};
			name = Release;
		};
		CB4E830A17695341002F75F8 /* Debug */ = {
			isa = XCBuildConfiguration;
			buildSettings = {
				GCC_PRECOMPILE_PREFIX_HEADER = YES;
				GCC_PREFIX_HEADER = "AOC2/AOC2-Prefix.pch";
				INFOPLIST_FILE = "AOC2/AOC2-Info.plist";
				PRODUCT_NAME = "$(TARGET_NAME)";
				WRAPPER_EXTENSION = app;
			};
			name = Debug;
		};
		CB4E830B17695341002F75F8 /* Release */ = {
			isa = XCBuildConfiguration;
			buildSettings = {
				GCC_PRECOMPILE_PREFIX_HEADER = YES;
				GCC_PREFIX_HEADER = "AOC2/AOC2-Prefix.pch";
				INFOPLIST_FILE = "AOC2/AOC2-Info.plist";
				PRODUCT_NAME = "$(TARGET_NAME)";
				WRAPPER_EXTENSION = app;
			};
			name = Release;
		};
/* End XCBuildConfiguration section */

/* Begin XCConfigurationList section */
		CB4E82E117695340002F75F8 /* Build configuration list for PBXProject "AOC2" */ = {
			isa = XCConfigurationList;
			buildConfigurations = (
				CB4E830717695341002F75F8 /* Debug */,
				CB4E830817695341002F75F8 /* Release */,
			);
			defaultConfigurationIsVisible = 0;
			defaultConfigurationName = Release;
		};
		CB4E830917695341002F75F8 /* Build configuration list for PBXNativeTarget "AOC2" */ = {
			isa = XCConfigurationList;
			buildConfigurations = (
				CB4E830A17695341002F75F8 /* Debug */,
				CB4E830B17695341002F75F8 /* Release */,
			);
			defaultConfigurationIsVisible = 0;
		};
/* End XCConfigurationList section */
	};
	rootObject = CB4E82DE17695340002F75F8 /* Project object */;
}
